// !$*UTF8*$!
{
	archiveVersion = 1;
	classes = {
	};
	objectVersion = 55;
	objects = {

/* Begin PBXBuildFile section */
		4C8023E32A2175B100F37188 /* main.cpp in Sources */ = {isa = PBXBuildFile; fileRef = 4C8023E22A2175B100F37188 /* main.cpp */; };
		4C8023EB2A21761100F37188 /* OpenGL.framework in Frameworks */ = {isa = PBXBuildFile; fileRef = 4C8023EA2A21761100F37188 /* OpenGL.framework */; };
		4C8023ED2A21761900F37188 /* CoreGraphics.framework in Frameworks */ = {isa = PBXBuildFile; fileRef = 4C8023EC2A21761900F37188 /* CoreGraphics.framework */; };
		4C8023EF2A21761C00F37188 /* IOKit.framework in Frameworks */ = {isa = PBXBuildFile; fileRef = 4C8023EE2A21761C00F37188 /* IOKit.framework */; };
		4C8023F12A21764500F37188 /* libglfw.3.3.dylib in Frameworks */ = {isa = PBXBuildFile; fileRef = 4C8023F02A21764500F37188 /* libglfw.3.3.dylib */; };
		4C8024202A217CC300F37188 /* ECS.cpp in Sources */ = {isa = PBXBuildFile; fileRef = 4C80241E2A217CC300F37188 /* ECS.cpp */; };
		4C8024272A21ABA900F37188 /* Stopwatch.cpp in Sources */ = {isa = PBXBuildFile; fileRef = 4C8024262A21ABA900F37188 /* Stopwatch.cpp */; };
		4C80242A2A21B56600F37188 /* Camera.cpp in Sources */ = {isa = PBXBuildFile; fileRef = 4C8024292A21B56600F37188 /* Camera.cpp */; };
		4CDD96462A26EDE800FC6EDA /* Camera.cpp in Sources */ = {isa = PBXBuildFile; fileRef = 4CDD96292A26EDE800FC6EDA /* Camera.cpp */; };
		4CDD96472A26EDE800FC6EDA /* Window.cpp in Sources */ = {isa = PBXBuildFile; fileRef = 4CDD962A2A26EDE800FC6EDA /* Window.cpp */; };
		4CDD96482A26EDE800FC6EDA /* Shader.cpp in Sources */ = {isa = PBXBuildFile; fileRef = 4CDD962D2A26EDE800FC6EDA /* Shader.cpp */; };
		4CDD96492A26EDE800FC6EDA /* Graphics.cpp in Sources */ = {isa = PBXBuildFile; fileRef = 4CDD962E2A26EDE800FC6EDA /* Graphics.cpp */; };
		4CDD964A2A26EDE800FC6EDA /* GL_Loader.cpp in Sources */ = {isa = PBXBuildFile; fileRef = 4CDD96362A26EDE800FC6EDA /* GL_Loader.cpp */; };
		4CDD964B2A26EDE800FC6EDA /* flgl_math.cpp in Sources */ = {isa = PBXBuildFile; fileRef = 4CDD96372A26EDE800FC6EDA /* flgl_math.cpp */; };
		4CDD964C2A26EDE800FC6EDA /* Vertex.cpp in Sources */ = {isa = PBXBuildFile; fileRef = 4CDD963A2A26EDE800FC6EDA /* Vertex.cpp */; };
/* End PBXBuildFile section */

/* Begin PBXCopyFilesBuildPhase section */
		4C8023DD2A2175B100F37188 /* CopyFiles */ = {
			isa = PBXCopyFilesBuildPhase;
			buildActionMask = 2147483647;
			dstPath = /usr/share/man/man1/;
			dstSubfolderSpec = 0;
			files = (
			);
			runOnlyForDeploymentPostprocessing = 1;
		};
/* End PBXCopyFilesBuildPhase section */

/* Begin PBXFileReference section */
		4C8023DF2A2175B100F37188 /* flap */ = {isa = PBXFileReference; explicitFileType = "compiled.mach-o.executable"; includeInIndex = 0; path = flap; sourceTree = BUILT_PRODUCTS_DIR; };
		4C8023E22A2175B100F37188 /* main.cpp */ = {isa = PBXFileReference; lastKnownFileType = sourcecode.cpp.cpp; path = main.cpp; sourceTree = "<group>"; };
		4C8023EA2A21761100F37188 /* OpenGL.framework */ = {isa = PBXFileReference; lastKnownFileType = wrapper.framework; name = OpenGL.framework; path = System/Library/Frameworks/OpenGL.framework; sourceTree = SDKROOT; };
		4C8023EC2A21761900F37188 /* CoreGraphics.framework */ = {isa = PBXFileReference; lastKnownFileType = wrapper.framework; name = CoreGraphics.framework; path = System/Library/Frameworks/CoreGraphics.framework; sourceTree = SDKROOT; };
		4C8023EE2A21761C00F37188 /* IOKit.framework */ = {isa = PBXFileReference; lastKnownFileType = wrapper.framework; name = IOKit.framework; path = System/Library/Frameworks/IOKit.framework; sourceTree = SDKROOT; };
		4C8023F02A21764500F37188 /* libglfw.3.3.dylib */ = {isa = PBXFileReference; lastKnownFileType = "compiled.mach-o.dylib"; name = libglfw.3.3.dylib; path = ../../../../opt/homebrew/Cellar/glfw/3.3.7/lib/libglfw.3.3.dylib; sourceTree = "<group>"; };
		4C8024162A2177E500F37188 /* vert.glsl */ = {isa = PBXFileReference; lastKnownFileType = text; path = vert.glsl; sourceTree = "<group>"; };
		4C8024172A2177ED00F37188 /* frag.glsl */ = {isa = PBXFileReference; lastKnownFileType = text; path = frag.glsl; sourceTree = "<group>"; };
		4C80241B2A217CC300F37188 /* LICENSE */ = {isa = PBXFileReference; fileEncoding = 4; lastKnownFileType = text; path = LICENSE; sourceTree = "<group>"; };
		4C80241C2A217CC300F37188 /* ECS.h */ = {isa = PBXFileReference; fileEncoding = 4; lastKnownFileType = sourcecode.c.h; path = ECS.h; sourceTree = "<group>"; };
		4C80241D2A217CC300F37188 /* README.md */ = {isa = PBXFileReference; fileEncoding = 4; lastKnownFileType = net.daringfireball.markdown; path = README.md; sourceTree = "<group>"; };
		4C80241E2A217CC300F37188 /* ECS.cpp */ = {isa = PBXFileReference; fileEncoding = 4; lastKnownFileType = sourcecode.cpp.cpp; path = ECS.cpp; sourceTree = "<group>"; };
		4C80241F2A217CC300F37188 /* .gitignore */ = {isa = PBXFileReference; fileEncoding = 4; lastKnownFileType = text; path = .gitignore; sourceTree = "<group>"; };
		4C8024222A21ABA900F37188 /* LICENSE */ = {isa = PBXFileReference; fileEncoding = 4; lastKnownFileType = text; path = LICENSE; sourceTree = "<group>"; };
		4C8024232A21ABA900F37188 /* README.md */ = {isa = PBXFileReference; fileEncoding = 4; lastKnownFileType = net.daringfireball.markdown; path = README.md; sourceTree = "<group>"; };
		4C8024242A21ABA900F37188 /* .gitignore */ = {isa = PBXFileReference; fileEncoding = 4; lastKnownFileType = text; path = .gitignore; sourceTree = "<group>"; };
		4C8024252A21ABA900F37188 /* Stopwatch.h */ = {isa = PBXFileReference; fileEncoding = 4; lastKnownFileType = sourcecode.c.h; path = Stopwatch.h; sourceTree = "<group>"; };
		4C8024262A21ABA900F37188 /* Stopwatch.cpp */ = {isa = PBXFileReference; fileEncoding = 4; lastKnownFileType = sourcecode.cpp.cpp; path = Stopwatch.cpp; sourceTree = "<group>"; };
		4C8024282A21B56600F37188 /* Camera.h */ = {isa = PBXFileReference; fileEncoding = 4; lastKnownFileType = sourcecode.c.h; path = Camera.h; sourceTree = "<group>"; };
		4C8024292A21B56600F37188 /* Camera.cpp */ = {isa = PBXFileReference; fileEncoding = 4; lastKnownFileType = sourcecode.cpp.cpp; path = Camera.cpp; sourceTree = "<group>"; };
		4CB0A96C2A22C93500F3CE29 /* bgv.glsl */ = {isa = PBXFileReference; lastKnownFileType = text; path = bgv.glsl; sourceTree = "<group>"; };
		4CB0A96D2A22C94200F3CE29 /* bgf.glsl */ = {isa = PBXFileReference; lastKnownFileType = text; path = bgf.glsl; sourceTree = "<group>"; };
		4CD6A5A62A256DBF003185C1 /* borb.png */ = {isa = PBXFileReference; lastKnownFileType = image.png; path = borb.png; sourceTree = "<group>"; };
		4CD6A5A72A256DBF003185C1 /* font.png */ = {isa = PBXFileReference; lastKnownFileType = image.png; path = font.png; sourceTree = "<group>"; };
		4CDD96252A26EDE800FC6EDA /* flgl_math.h */ = {isa = PBXFileReference; fileEncoding = 4; lastKnownFileType = sourcecode.c.h; path = flgl_math.h; sourceTree = "<group>"; };
		4CDD96262A26EDE800FC6EDA /* Vertex.h */ = {isa = PBXFileReference; fileEncoding = 4; lastKnownFileType = sourcecode.c.h; path = Vertex.h; sourceTree = "<group>"; };
		4CDD96272A26EDE800FC6EDA /* ID_Map.h */ = {isa = PBXFileReference; fileEncoding = 4; lastKnownFileType = sourcecode.c.h; path = ID_Map.h; sourceTree = "<group>"; };
		4CDD96282A26EDE800FC6EDA /* Shader.h */ = {isa = PBXFileReference; fileEncoding = 4; lastKnownFileType = sourcecode.c.h; path = Shader.h; sourceTree = "<group>"; };
		4CDD96292A26EDE800FC6EDA /* Camera.cpp */ = {isa = PBXFileReference; fileEncoding = 4; lastKnownFileType = sourcecode.cpp.cpp; path = Camera.cpp; sourceTree = "<group>"; };
		4CDD962A2A26EDE800FC6EDA /* Window.cpp */ = {isa = PBXFileReference; fileEncoding = 4; lastKnownFileType = sourcecode.cpp.cpp; path = Window.cpp; sourceTree = "<group>"; };
		4CDD962B2A26EDE800FC6EDA /* Camera.h */ = {isa = PBXFileReference; fileEncoding = 4; lastKnownFileType = sourcecode.c.h; path = Camera.h; sourceTree = "<group>"; };
		4CDD962C2A26EDE800FC6EDA /* Window.h */ = {isa = PBXFileReference; fileEncoding = 4; lastKnownFileType = sourcecode.c.h; path = Window.h; sourceTree = "<group>"; };
		4CDD962D2A26EDE800FC6EDA /* Shader.cpp */ = {isa = PBXFileReference; fileEncoding = 4; lastKnownFileType = sourcecode.cpp.cpp; path = Shader.cpp; sourceTree = "<group>"; };
		4CDD962E2A26EDE800FC6EDA /* Graphics.cpp */ = {isa = PBXFileReference; fileEncoding = 4; lastKnownFileType = sourcecode.cpp.cpp; path = Graphics.cpp; sourceTree = "<group>"; };
		4CDD962F2A26EDE800FC6EDA /* Meshes.h */ = {isa = PBXFileReference; fileEncoding = 4; lastKnownFileType = sourcecode.c.h; path = Meshes.h; sourceTree = "<group>"; };
		4CDD96312A26EDE800FC6EDA /* raw_texture_frag_shader.glsl */ = {isa = PBXFileReference; fileEncoding = 4; lastKnownFileType = text; path = raw_texture_frag_shader.glsl; sourceTree = "<group>"; };
		4CDD96322A26EDE800FC6EDA /* test_frag_shader.glsl */ = {isa = PBXFileReference; fileEncoding = 4; lastKnownFileType = text; path = test_frag_shader.glsl; sourceTree = "<group>"; };
		4CDD96332A26EDE800FC6EDA /* test_vert_shader.glsl */ = {isa = PBXFileReference; fileEncoding = 4; lastKnownFileType = text; path = test_vert_shader.glsl; sourceTree = "<group>"; };
		4CDD96342A26EDE800FC6EDA /* perlin_frag_shader.glsl */ = {isa = PBXFileReference; fileEncoding = 4; lastKnownFileType = text; path = perlin_frag_shader.glsl; sourceTree = "<group>"; };
		4CDD96352A26EDE800FC6EDA /* gfx.h */ = {isa = PBXFileReference; fileEncoding = 4; lastKnownFileType = sourcecode.c.h; path = gfx.h; sourceTree = "<group>"; };
		4CDD96362A26EDE800FC6EDA /* GL_Loader.cpp */ = {isa = PBXFileReference; fileEncoding = 4; lastKnownFileType = sourcecode.cpp.cpp; path = GL_Loader.cpp; sourceTree = "<group>"; };
		4CDD96372A26EDE800FC6EDA /* flgl_math.cpp */ = {isa = PBXFileReference; fileEncoding = 4; lastKnownFileType = sourcecode.cpp.cpp; path = flgl_math.cpp; sourceTree = "<group>"; };
		4CDD96382A26EDE800FC6EDA /* Graphics.h */ = {isa = PBXFileReference; fileEncoding = 4; lastKnownFileType = sourcecode.c.h; path = Graphics.h; sourceTree = "<group>"; };
		4CDD96392A26EDE800FC6EDA /* GL_Loader.h */ = {isa = PBXFileReference; fileEncoding = 4; lastKnownFileType = sourcecode.c.h; path = GL_Loader.h; sourceTree = "<group>"; };
		4CDD963A2A26EDE800FC6EDA /* Vertex.cpp */ = {isa = PBXFileReference; fileEncoding = 4; lastKnownFileType = sourcecode.cpp.cpp; path = Vertex.cpp; sourceTree = "<group>"; };
		4CDD963B2A26EDE800FC6EDA /* LICENSE */ = {isa = PBXFileReference; fileEncoding = 4; lastKnownFileType = text; path = LICENSE; sourceTree = "<group>"; };
		4CDD963C2A26EDE800FC6EDA /* xcode_search_paths.rtf */ = {isa = PBXFileReference; fileEncoding = 4; lastKnownFileType = text.rtf; path = xcode_search_paths.rtf; sourceTree = "<group>"; };
		4CDD963D2A26EDE800FC6EDA /* flgl.h */ = {isa = PBXFileReference; fileEncoding = 4; lastKnownFileType = sourcecode.c.h; path = flgl.h; sourceTree = "<group>"; };
		4CDD963E2A26EDE800FC6EDA /* README.md */ = {isa = PBXFileReference; fileEncoding = 4; lastKnownFileType = net.daringfireball.markdown; path = README.md; sourceTree = "<group>"; };
		4CDD963F2A26EDE800FC6EDA /* .gitignore */ = {isa = PBXFileReference; fileEncoding = 4; lastKnownFileType = text; path = .gitignore; sourceTree = "<group>"; };
		4CDD96402A26EDE800FC6EDA /* .gitattributes */ = {isa = PBXFileReference; fileEncoding = 4; lastKnownFileType = text; path = .gitattributes; sourceTree = "<group>"; };
		4CDD96442A26EDE800FC6EDA /* stb_image.h */ = {isa = PBXFileReference; fileEncoding = 4; lastKnownFileType = sourcecode.c.h; path = stb_image.h; sourceTree = "<group>"; };
		4CDD96452A26EDE800FC6EDA /* LICENSE.txt */ = {isa = PBXFileReference; fileEncoding = 4; lastKnownFileType = text; path = LICENSE.txt; sourceTree = "<group>"; };
		4CEAE19E2A26DF2C00BF057E /* debug.h */ = {isa = PBXFileReference; lastKnownFileType = sourcecode.c.h; path = debug.h; sourceTree = "<group>"; };
/* End PBXFileReference section */

/* Begin PBXFrameworksBuildPhase section */
		4C8023DC2A2175B100F37188 /* Frameworks */ = {
			isa = PBXFrameworksBuildPhase;
			buildActionMask = 2147483647;
			files = (
				4C8023F12A21764500F37188 /* libglfw.3.3.dylib in Frameworks */,
				4C8023EF2A21761C00F37188 /* IOKit.framework in Frameworks */,
				4C8023ED2A21761900F37188 /* CoreGraphics.framework in Frameworks */,
				4C8023EB2A21761100F37188 /* OpenGL.framework in Frameworks */,
			);
			runOnlyForDeploymentPostprocessing = 0;
		};
/* End PBXFrameworksBuildPhase section */

/* Begin PBXGroup section */
		4C8023D62A2175B100F37188 = {
			isa = PBXGroup;
			children = (
				4C8023E12A2175B100F37188 /* flap */,
				4C8023E02A2175B100F37188 /* Products */,
				4C8023E92A21761100F37188 /* Frameworks */,
			);
			sourceTree = "<group>";
		};
		4C8023E02A2175B100F37188 /* Products */ = {
			isa = PBXGroup;
			children = (
				4C8023DF2A2175B100F37188 /* flap */,
			);
			name = Products;
			sourceTree = "<group>";
		};
		4C8023E12A2175B100F37188 /* flap */ = {
			isa = PBXGroup;
			children = (
				4C8024292A21B56600F37188 /* Camera.cpp */,
				4C8024282A21B56600F37188 /* Camera.h */,
				4CEAE19E2A26DF2C00BF057E /* debug.h */,
				4CDD96232A26EDE800FC6EDA /* flgl */,
				4C8024212A21ABA900F37188 /* sw */,
				4C80241A2A217CC300F37188 /* ecs */,
				4C8024182A2178D400F37188 /* Textures */,
				4C8024152A2177A300F37188 /* Shaders */,
				4C8023E22A2175B100F37188 /* main.cpp */,
			);
			path = flap;
			sourceTree = "<group>";
		};
		4C8023E92A21761100F37188 /* Frameworks */ = {
			isa = PBXGroup;
			children = (
				4C8023F02A21764500F37188 /* libglfw.3.3.dylib */,
				4C8023EE2A21761C00F37188 /* IOKit.framework */,
				4C8023EC2A21761900F37188 /* CoreGraphics.framework */,
				4C8023EA2A21761100F37188 /* OpenGL.framework */,
			);
			name = Frameworks;
			sourceTree = "<group>";
		};
		4C8024152A2177A300F37188 /* Shaders */ = {
			isa = PBXGroup;
			children = (
				4C8024162A2177E500F37188 /* vert.glsl */,
				4C8024172A2177ED00F37188 /* frag.glsl */,
				4CB0A96C2A22C93500F3CE29 /* bgv.glsl */,
				4CB0A96D2A22C94200F3CE29 /* bgf.glsl */,
			);
			path = Shaders;
			sourceTree = "<group>";
		};
		4C8024182A2178D400F37188 /* Textures */ = {
			isa = PBXGroup;
			children = (
				4CD6A5A62A256DBF003185C1 /* borb.png */,
				4CD6A5A72A256DBF003185C1 /* font.png */,
			);
			path = Textures;
			sourceTree = "<group>";
		};
		4C80241A2A217CC300F37188 /* ecs */ = {
			isa = PBXGroup;
			children = (
				4C80241B2A217CC300F37188 /* LICENSE */,
				4C80241C2A217CC300F37188 /* ECS.h */,
				4C80241D2A217CC300F37188 /* README.md */,
				4C80241E2A217CC300F37188 /* ECS.cpp */,
				4C80241F2A217CC300F37188 /* .gitignore */,
			);
			path = ecs;
			sourceTree = "<group>";
		};
		4C8024212A21ABA900F37188 /* sw */ = {
			isa = PBXGroup;
			children = (
				4C8024222A21ABA900F37188 /* LICENSE */,
				4C8024232A21ABA900F37188 /* README.md */,
				4C8024242A21ABA900F37188 /* .gitignore */,
				4C8024252A21ABA900F37188 /* Stopwatch.h */,
				4C8024262A21ABA900F37188 /* Stopwatch.cpp */,
			);
			path = sw;
			sourceTree = "<group>";
		};
		4CDD96232A26EDE800FC6EDA /* flgl */ = {
			isa = PBXGroup;
			children = (
				4CDD96242A26EDE800FC6EDA /* flgl */,
				4CDD963B2A26EDE800FC6EDA /* LICENSE */,
				4CDD963C2A26EDE800FC6EDA /* xcode_search_paths.rtf */,
				4CDD963D2A26EDE800FC6EDA /* flgl.h */,
				4CDD963E2A26EDE800FC6EDA /* README.md */,
				4CDD963F2A26EDE800FC6EDA /* .gitignore */,
				4CDD96402A26EDE800FC6EDA /* .gitattributes */,
				4CDD96412A26EDE800FC6EDA /* lib */,
			);
			path = flgl;
			sourceTree = "<group>";
		};
		4CDD96242A26EDE800FC6EDA /* flgl */ = {
			isa = PBXGroup;
			children = (
				4CDD96252A26EDE800FC6EDA /* flgl_math.h */,
				4CDD96262A26EDE800FC6EDA /* Vertex.h */,
				4CDD96272A26EDE800FC6EDA /* ID_Map.h */,
				4CDD96282A26EDE800FC6EDA /* Shader.h */,
				4CDD96292A26EDE800FC6EDA /* Camera.cpp */,
				4CDD962A2A26EDE800FC6EDA /* Window.cpp */,
				4CDD962B2A26EDE800FC6EDA /* Camera.h */,
				4CDD962C2A26EDE800FC6EDA /* Window.h */,
				4CDD962D2A26EDE800FC6EDA /* Shader.cpp */,
				4CDD962E2A26EDE800FC6EDA /* Graphics.cpp */,
				4CDD962F2A26EDE800FC6EDA /* Meshes.h */,
				4CDD96302A26EDE800FC6EDA /* default_shaders */,
				4CDD96352A26EDE800FC6EDA /* gfx.h */,
				4CDD96362A26EDE800FC6EDA /* GL_Loader.cpp */,
				4CDD96372A26EDE800FC6EDA /* flgl_math.cpp */,
				4CDD96382A26EDE800FC6EDA /* Graphics.h */,
				4CDD96392A26EDE800FC6EDA /* GL_Loader.h */,
				4CDD963A2A26EDE800FC6EDA /* Vertex.cpp */,
			);
			path = flgl;
			sourceTree = "<group>";
		};
		4CDD96302A26EDE800FC6EDA /* default_shaders */ = {
			isa = PBXGroup;
			children = (
				4CDD96312A26EDE800FC6EDA /* raw_texture_frag_shader.glsl */,
				4CDD96322A26EDE800FC6EDA /* test_frag_shader.glsl */,
				4CDD96332A26EDE800FC6EDA /* test_vert_shader.glsl */,
				4CDD96342A26EDE800FC6EDA /* perlin_frag_shader.glsl */,
			);
			path = default_shaders;
			sourceTree = "<group>";
		};
		4CDD96412A26EDE800FC6EDA /* lib */ = {
			isa = PBXGroup;
			children = (
				4CDD96422A26EDE800FC6EDA /* stb */,
			);
			path = lib;
			sourceTree = "<group>";
		};
		4CDD96422A26EDE800FC6EDA /* stb */ = {
			isa = PBXGroup;
			children = (
				4CDD96432A26EDE800FC6EDA /* include */,
				4CDD96452A26EDE800FC6EDA /* LICENSE.txt */,
			);
			path = stb;
			sourceTree = "<group>";
		};
		4CDD96432A26EDE800FC6EDA /* include */ = {
			isa = PBXGroup;
			children = (
				4CDD96442A26EDE800FC6EDA /* stb_image.h */,
			);
			path = include;
			sourceTree = "<group>";
		};
/* End PBXGroup section */

/* Begin PBXNativeTarget section */
		4C8023DE2A2175B100F37188 /* flap */ = {
			isa = PBXNativeTarget;
			buildConfigurationList = 4C8023E62A2175B100F37188 /* Build configuration list for PBXNativeTarget "flap" */;
			buildPhases = (
				4C8023DB2A2175B100F37188 /* Sources */,
				4C8023DC2A2175B100F37188 /* Frameworks */,
				4C8023DD2A2175B100F37188 /* CopyFiles */,
			);
			buildRules = (
			);
			dependencies = (
			);
			name = flap;
			productName = flap;
			productReference = 4C8023DF2A2175B100F37188 /* flap */;
			productType = "com.apple.product-type.tool";
		};
/* End PBXNativeTarget section */

/* Begin PBXProject section */
		4C8023D72A2175B100F37188 /* Project object */ = {
			isa = PBXProject;
			attributes = {
				BuildIndependentTargetsInParallel = 1;
				LastUpgradeCheck = 1340;
				TargetAttributes = {
					4C8023DE2A2175B100F37188 = {
						CreatedOnToolsVersion = 13.4;
					};
				};
			};
			buildConfigurationList = 4C8023DA2A2175B100F37188 /* Build configuration list for PBXProject "flap" */;
			compatibilityVersion = "Xcode 13.0";
			developmentRegion = en;
			hasScannedForEncodings = 0;
			knownRegions = (
				en,
				Base,
			);
			mainGroup = 4C8023D62A2175B100F37188;
			productRefGroup = 4C8023E02A2175B100F37188 /* Products */;
			projectDirPath = "";
			projectRoot = "";
			targets = (
				4C8023DE2A2175B100F37188 /* flap */,
			);
		};
/* End PBXProject section */

/* Begin PBXSourcesBuildPhase section */
		4C8023DB2A2175B100F37188 /* Sources */ = {
			isa = PBXSourcesBuildPhase;
			buildActionMask = 2147483647;
			files = (
				4C8023E32A2175B100F37188 /* main.cpp in Sources */,
				4CDD96472A26EDE800FC6EDA /* Window.cpp in Sources */,
				4CDD964B2A26EDE800FC6EDA /* flgl_math.cpp in Sources */,
				4C8024272A21ABA900F37188 /* Stopwatch.cpp in Sources */,
				4CDD96462A26EDE800FC6EDA /* Camera.cpp in Sources */,
				4CDD96482A26EDE800FC6EDA /* Shader.cpp in Sources */,
				4C80242A2A21B56600F37188 /* Camera.cpp in Sources */,
				4CDD964A2A26EDE800FC6EDA /* GL_Loader.cpp in Sources */,
				4CDD96492A26EDE800FC6EDA /* Graphics.cpp in Sources */,
				4C8024202A217CC300F37188 /* ECS.cpp in Sources */,
				4CDD964C2A26EDE800FC6EDA /* Vertex.cpp in Sources */,
			);
			runOnlyForDeploymentPostprocessing = 0;
		};
/* End PBXSourcesBuildPhase section */

/* Begin XCBuildConfiguration section */
		4C8023E42A2175B100F37188 /* Debug */ = {
			isa = XCBuildConfiguration;
			buildSettings = {
				ALWAYS_SEARCH_USER_PATHS = NO;
				CLANG_ANALYZER_NONNULL = YES;
				CLANG_ANALYZER_NUMBER_OBJECT_CONVERSION = YES_AGGRESSIVE;
				CLANG_CXX_LANGUAGE_STANDARD = "gnu++17";
				CLANG_ENABLE_MODULES = YES;
				CLANG_ENABLE_OBJC_ARC = YES;
				CLANG_ENABLE_OBJC_WEAK = YES;
				CLANG_WARN_BLOCK_CAPTURE_AUTORELEASING = YES;
				CLANG_WARN_BOOL_CONVERSION = YES;
				CLANG_WARN_COMMA = YES;
				CLANG_WARN_CONSTANT_CONVERSION = YES;
				CLANG_WARN_DEPRECATED_OBJC_IMPLEMENTATIONS = YES;
				CLANG_WARN_DIRECT_OBJC_ISA_USAGE = YES_ERROR;
				CLANG_WARN_DOCUMENTATION_COMMENTS = YES;
				CLANG_WARN_EMPTY_BODY = YES;
				CLANG_WARN_ENUM_CONVERSION = YES;
				CLANG_WARN_INFINITE_RECURSION = YES;
				CLANG_WARN_INT_CONVERSION = YES;
				CLANG_WARN_NON_LITERAL_NULL_CONVERSION = YES;
				CLANG_WARN_OBJC_IMPLICIT_RETAIN_SELF = YES;
				CLANG_WARN_OBJC_LITERAL_CONVERSION = YES;
				CLANG_WARN_OBJC_ROOT_CLASS = YES_ERROR;
				CLANG_WARN_QUOTED_INCLUDE_IN_FRAMEWORK_HEADER = YES;
				CLANG_WARN_RANGE_LOOP_ANALYSIS = YES;
				CLANG_WARN_STRICT_PROTOTYPES = YES;
				CLANG_WARN_SUSPICIOUS_MOVE = YES;
				CLANG_WARN_UNGUARDED_AVAILABILITY = YES_AGGRESSIVE;
				CLANG_WARN_UNREACHABLE_CODE = YES;
				CLANG_WARN__DUPLICATE_METHOD_MATCH = YES;
				COPY_PHASE_STRIP = NO;
				DEBUG_INFORMATION_FORMAT = dwarf;
				ENABLE_STRICT_OBJC_MSGSEND = YES;
				ENABLE_TESTABILITY = YES;
				GCC_C_LANGUAGE_STANDARD = gnu11;
				GCC_DYNAMIC_NO_PIC = NO;
				GCC_NO_COMMON_BLOCKS = YES;
				GCC_OPTIMIZATION_LEVEL = 0;
				GCC_PREPROCESSOR_DEFINITIONS = (
					"DEBUG=1",
					"$(inherited)",
				);
				GCC_WARN_64_TO_32_BIT_CONVERSION = YES;
				GCC_WARN_ABOUT_RETURN_TYPE = YES_ERROR;
				GCC_WARN_UNDECLARED_SELECTOR = YES;
				GCC_WARN_UNINITIALIZED_AUTOS = YES_AGGRESSIVE;
				GCC_WARN_UNUSED_FUNCTION = YES;
				GCC_WARN_UNUSED_VARIABLE = YES;
				MACOSX_DEPLOYMENT_TARGET = 12.2;
				MTL_ENABLE_DEBUG_INFO = INCLUDE_SOURCE;
				MTL_FAST_MATH = YES;
				ONLY_ACTIVE_ARCH = YES;
				SDKROOT = macosx;
			};
			name = Debug;
		};
		4C8023E52A2175B100F37188 /* Release */ = {
			isa = XCBuildConfiguration;
			buildSettings = {
				ALWAYS_SEARCH_USER_PATHS = NO;
				CLANG_ANALYZER_NONNULL = YES;
				CLANG_ANALYZER_NUMBER_OBJECT_CONVERSION = YES_AGGRESSIVE;
				CLANG_CXX_LANGUAGE_STANDARD = "gnu++17";
				CLANG_ENABLE_MODULES = YES;
				CLANG_ENABLE_OBJC_ARC = YES;
				CLANG_ENABLE_OBJC_WEAK = YES;
				CLANG_WARN_BLOCK_CAPTURE_AUTORELEASING = YES;
				CLANG_WARN_BOOL_CONVERSION = YES;
				CLANG_WARN_COMMA = YES;
				CLANG_WARN_CONSTANT_CONVERSION = YES;
				CLANG_WARN_DEPRECATED_OBJC_IMPLEMENTATIONS = YES;
				CLANG_WARN_DIRECT_OBJC_ISA_USAGE = YES_ERROR;
				CLANG_WARN_DOCUMENTATION_COMMENTS = YES;
				CLANG_WARN_EMPTY_BODY = YES;
				CLANG_WARN_ENUM_CONVERSION = YES;
				CLANG_WARN_INFINITE_RECURSION = YES;
				CLANG_WARN_INT_CONVERSION = YES;
				CLANG_WARN_NON_LITERAL_NULL_CONVERSION = YES;
				CLANG_WARN_OBJC_IMPLICIT_RETAIN_SELF = YES;
				CLANG_WARN_OBJC_LITERAL_CONVERSION = YES;
				CLANG_WARN_OBJC_ROOT_CLASS = YES_ERROR;
				CLANG_WARN_QUOTED_INCLUDE_IN_FRAMEWORK_HEADER = YES;
				CLANG_WARN_RANGE_LOOP_ANALYSIS = YES;
				CLANG_WARN_STRICT_PROTOTYPES = YES;
				CLANG_WARN_SUSPICIOUS_MOVE = YES;
				CLANG_WARN_UNGUARDED_AVAILABILITY = YES_AGGRESSIVE;
				CLANG_WARN_UNREACHABLE_CODE = YES;
				CLANG_WARN__DUPLICATE_METHOD_MATCH = YES;
				COPY_PHASE_STRIP = NO;
				DEBUG_INFORMATION_FORMAT = "dwarf-with-dsym";
				ENABLE_NS_ASSERTIONS = NO;
				ENABLE_STRICT_OBJC_MSGSEND = YES;
				GCC_C_LANGUAGE_STANDARD = gnu11;
				GCC_NO_COMMON_BLOCKS = YES;
				GCC_WARN_64_TO_32_BIT_CONVERSION = YES;
				GCC_WARN_ABOUT_RETURN_TYPE = YES_ERROR;
				GCC_WARN_UNDECLARED_SELECTOR = YES;
				GCC_WARN_UNINITIALIZED_AUTOS = YES_AGGRESSIVE;
				GCC_WARN_UNUSED_FUNCTION = YES;
				GCC_WARN_UNUSED_VARIABLE = YES;
				MACOSX_DEPLOYMENT_TARGET = 12.2;
				MTL_ENABLE_DEBUG_INFO = NO;
				MTL_FAST_MATH = YES;
				SDKROOT = macosx;
			};
			name = Release;
		};
		4C8023E72A2175B100F37188 /* Debug */ = {
			isa = XCBuildConfiguration;
			buildSettings = {
				CODE_SIGN_STYLE = Automatic;
				HEADER_SEARCH_PATHS = (
					/usr/local/include,
					usr/local/Cellar/glfw/../include,
					opt/homebrew/Cellar/glfw/../include,
					/opt/homebrew/Cellar/glfw/3.3.7/include,
					/opt/homebrew/Cellar/glm/0.9.9.8/include,
				);
				LIBRARY_SEARCH_PATHS = (
					/usr/local/lib,
					/opt/homebrew/Cellar/glfw/3.3.7/lib,
					/opt/homebrew/Cellar/glm/0.9.9.8/lib,
				);
				PRODUCT_NAME = "$(TARGET_NAME)";
			};
			name = Debug;
		};
		4C8023E82A2175B100F37188 /* Release */ = {
			isa = XCBuildConfiguration;
			buildSettings = {
				CODE_SIGN_STYLE = Automatic;
				HEADER_SEARCH_PATHS = (
					/usr/local/include,
					usr/local/Cellar/glfw/../include,
					opt/homebrew/Cellar/glfw/../include,
					/opt/homebrew/Cellar/glfw/3.3.7/include,
					/opt/homebrew/Cellar/glm/0.9.9.8/include,
				);
				LIBRARY_SEARCH_PATHS = (
					/usr/local/lib,
					/opt/homebrew/Cellar/glfw/3.3.7/lib,
					/opt/homebrew/Cellar/glm/0.9.9.8/lib,
				);
				PRODUCT_NAME = "$(TARGET_NAME)";
			};
			name = Release;
		};
/* End XCBuildConfiguration section */

/* Begin XCConfigurationList section */
		4C8023DA2A2175B100F37188 /* Build configuration list for PBXProject "flap" */ = {
			isa = XCConfigurationList;
			buildConfigurations = (
				4C8023E42A2175B100F37188 /* Debug */,
				4C8023E52A2175B100F37188 /* Release */,
			);
			defaultConfigurationIsVisible = 0;
			defaultConfigurationName = Release;
		};
		4C8023E62A2175B100F37188 /* Build configuration list for PBXNativeTarget "flap" */ = {
			isa = XCConfigurationList;
			buildConfigurations = (
				4C8023E72A2175B100F37188 /* Debug */,
				4C8023E82A2175B100F37188 /* Release */,
			);
			defaultConfigurationIsVisible = 0;
			defaultConfigurationName = Release;
		};
/* End XCConfigurationList section */
	};
	rootObject = 4C8023D72A2175B100F37188 /* Project object */;
}
